{
  "name": "defra-ruby-template",
  "version": "1.0.0",
  "lockfileVersion": 3,
  "requires": true,
  "packages": {
    "": {
      "name": "defra-ruby-template",
      "version": "1.0.0",
      "license": "ISC",
      "dependencies": {
        "govuk-frontend": "^5.10.2"
      }
    },
    "node_modules/govuk-frontend": {
      "version": "5.14.0",
      "resolved": "https://registry.npmjs.org/govuk-frontend/-/govuk-frontend-5.14.0.tgz",
      "integrity": "sha512-MgfaXswIM6KpXS2T5gltEnzgVLgfM3UoE9+rYkhBiR0suaJ8Let31VZXQZqz9QhiPDbv28fW1nRjIyLujfZIBA==",
      "license": "MIT",
      "engines": {
        "node": ">= 4.2.0"
      }
    }
  }
}
